
Microsoft Visual Studio Solution File, Format Version 12.00
# Visual Studio 15
VisualStudioVersion = 15.0.28307.1972
MinimumVisualStudioVersion = 10.0.40219.1
Project("{FAE04EC0-301F-11D3-BF4B-00C04F79EFBC}") = "Shape", "Shape\Shape.csproj", "{08543BC5-5937-4096-8D7F-2FF65E872CD4}"
EndProject
Global
	GlobalSection(SolutionConfigurationPlatforms) = preSolution
		Debug|Any CPU = Debug|Any CPU
		Release|Any CPU = Release|Any CPU
	EndGlobalSection
	GlobalSection(ProjectConfigurationPlatforms) = postSolution
		{08543BC5-5937-4096-8D7F-2FF65E872CD4}.Debug|Any CPU.ActiveCfg = Debug|Any CPU
		{08543BC5-5937-4096-8D7F-2FF65E872CD4}.Debug|Any CPU.Build.0 = Debug|Any CPU
		{08543BC5-5937-4096-8D7F-2FF65E872CD4}.Release|Any CPU.ActiveCfg = Release|Any CPU
		{08543BC5-5937-4096-8D7F-2FF65E872CD4}.Release|Any CPU.Build.0 = Release|Any CPU
	EndGlobalSection
	GlobalSection(SolutionProperties) = preSolution
		HideSolutionNode = FALSE
	EndGlobalSection
	GlobalSection(ExtensibilityGlobals) = postSolution
		SolutionGuid = {35F8BB9C-193B-4BDF-A7FE-12AA3F11C71D}
	EndGlobalSection
EndGlobal
